
Microsoft Visual Studio Solution File, Format Version 12.00
# Visual Studio Version 17
VisualStudioVersion = 17.2.32616.157
MinimumVisualStudioVersion = 10.0.40219.1
Project("{FAE04EC0-301F-11D3-BF4B-00C04F79EFBC}") = "FindMedianFromDataStream", "FindMedianFromDataStream\FindMedianFromDataStream.csproj", "{186063C7-6E68-4B67-9E84-14B04ADB9904}"
EndProject
Global
	GlobalSection(SolutionConfigurationPlatforms) = preSolution
		Debug|Any CPU = Debug|Any CPU
		Release|Any CPU = Release|Any CPU
	EndGlobalSection
	GlobalSection(ProjectConfigurationPlatforms) = postSolution
		{186063C7-6E68-4B67-9E84-14B04ADB9904}.Debug|Any CPU.ActiveCfg = Debug|Any CPU
		{186063C7-6E68-4B67-9E84-14B04ADB9904}.Debug|Any CPU.Build.0 = Debug|Any CPU
		{186063C7-6E68-4B67-9E84-14B04ADB9904}.Release|Any CPU.ActiveCfg = Release|Any CPU
		{186063C7-6E68-4B67-9E84-14B04ADB9904}.Release|Any CPU.Build.0 = Release|Any CPU
	EndGlobalSection
	GlobalSection(SolutionProperties) = preSolution
		HideSolutionNode = FALSE
	EndGlobalSection
	GlobalSection(ExtensibilityGlobals) = postSolution
		SolutionGuid = {A57E2BCD-E137-4B3C-945C-79946DC07944}
	EndGlobalSection
EndGlobal
