
Microsoft Visual Studio Solution File, Format Version 12.00
# Visual Studio Version 17
VisualStudioVersion = 17.2.32526.322
MinimumVisualStudioVersion = 10.0.40219.1
Project("{FAE04EC0-301F-11D3-BF4B-00C04F79EFBC}") = "LongestPalindromicSubsequence", "LongestPalindromicSubsequence\LongestPalindromicSubsequence.csproj", "{E41F2773-0646-44EB-AFBC-2DDA36D6CA4E}"
EndProject
Global
	GlobalSection(SolutionConfigurationPlatforms) = preSolution
		Debug|Any CPU = Debug|Any CPU
		Release|Any CPU = Release|Any CPU
	EndGlobalSection
	GlobalSection(ProjectConfigurationPlatforms) = postSolution
		{E41F2773-0646-44EB-AFBC-2DDA36D6CA4E}.Debug|Any CPU.ActiveCfg = Debug|Any CPU
		{E41F2773-0646-44EB-AFBC-2DDA36D6CA4E}.Debug|Any CPU.Build.0 = Debug|Any CPU
		{E41F2773-0646-44EB-AFBC-2DDA36D6CA4E}.Release|Any CPU.ActiveCfg = Release|Any CPU
		{E41F2773-0646-44EB-AFBC-2DDA36D6CA4E}.Release|Any CPU.Build.0 = Release|Any CPU
	EndGlobalSection
	GlobalSection(SolutionProperties) = preSolution
		HideSolutionNode = FALSE
	EndGlobalSection
	GlobalSection(ExtensibilityGlobals) = postSolution
		SolutionGuid = {0BFE42F3-C1BA-4E78-AE84-88EAD747CFDD}
	EndGlobalSection
EndGlobal
