
Microsoft Visual Studio Solution File, Format Version 12.00
# Visual Studio Version 17
VisualStudioVersion = 17.2.32616.157
MinimumVisualStudioVersion = 10.0.40219.1
Project("{FAE04EC0-301F-11D3-BF4B-00C04F79EFBC}") = "SlidingWindowMaximum", "SlidingWindowMaximum\SlidingWindowMaximum.csproj", "{AFAE4258-E84E-4013-9AFA-72AC02B663E1}"
EndProject
Global
	GlobalSection(SolutionConfigurationPlatforms) = preSolution
		Debug|Any CPU = Debug|Any CPU
		Release|Any CPU = Release|Any CPU
	EndGlobalSection
	GlobalSection(ProjectConfigurationPlatforms) = postSolution
		{AFAE4258-E84E-4013-9AFA-72AC02B663E1}.Debug|Any CPU.ActiveCfg = Debug|Any CPU
		{AFAE4258-E84E-4013-9AFA-72AC02B663E1}.Debug|Any CPU.Build.0 = Debug|Any CPU
		{AFAE4258-E84E-4013-9AFA-72AC02B663E1}.Release|Any CPU.ActiveCfg = Release|Any CPU
		{AFAE4258-E84E-4013-9AFA-72AC02B663E1}.Release|Any CPU.Build.0 = Release|Any CPU
	EndGlobalSection
	GlobalSection(SolutionProperties) = preSolution
		HideSolutionNode = FALSE
	EndGlobalSection
	GlobalSection(ExtensibilityGlobals) = postSolution
		SolutionGuid = {9C43FDB9-11F9-41EF-80E7-BB73A53091B6}
	EndGlobalSection
EndGlobal
