
Microsoft Visual Studio Solution File, Format Version 12.00
# Visual Studio Version 17
VisualStudioVersion = 17.2.32602.215
MinimumVisualStudioVersion = 10.0.40219.1
Project("{FAE04EC0-301F-11D3-BF4B-00C04F79EFBC}") = "LinkedListCycle", "LinkedListCycle\LinkedListCycle.csproj", "{6970EA11-0712-4449-9B47-F8AE70421A7A}"
EndProject
Global
	GlobalSection(SolutionConfigurationPlatforms) = preSolution
		Debug|Any CPU = Debug|Any CPU
		Release|Any CPU = Release|Any CPU
	EndGlobalSection
	GlobalSection(ProjectConfigurationPlatforms) = postSolution
		{6970EA11-0712-4449-9B47-F8AE70421A7A}.Debug|Any CPU.ActiveCfg = Debug|Any CPU
		{6970EA11-0712-4449-9B47-F8AE70421A7A}.Debug|Any CPU.Build.0 = Debug|Any CPU
		{6970EA11-0712-4449-9B47-F8AE70421A7A}.Release|Any CPU.ActiveCfg = Release|Any CPU
		{6970EA11-0712-4449-9B47-F8AE70421A7A}.Release|Any CPU.Build.0 = Release|Any CPU
	EndGlobalSection
	GlobalSection(SolutionProperties) = preSolution
		HideSolutionNode = FALSE
	EndGlobalSection
	GlobalSection(ExtensibilityGlobals) = postSolution
		SolutionGuid = {6CFAB897-2A79-4678-B4B9-3051E0EA9749}
	EndGlobalSection
EndGlobal
