
Microsoft Visual Studio Solution File, Format Version 12.00
# Visual Studio Version 17
VisualStudioVersion = 17.2.32616.157
MinimumVisualStudioVersion = 10.0.40219.1
Project("{FAE04EC0-301F-11D3-BF4B-00C04F79EFBC}") = "KthSmallestElementBST", "KthSmallestElementBST\KthSmallestElementBST.csproj", "{EC9590CE-F8DA-4564-BE95-C3F8E7215A69}"
EndProject
Global
	GlobalSection(SolutionConfigurationPlatforms) = preSolution
		Debug|Any CPU = Debug|Any CPU
		Release|Any CPU = Release|Any CPU
	EndGlobalSection
	GlobalSection(ProjectConfigurationPlatforms) = postSolution
		{EC9590CE-F8DA-4564-BE95-C3F8E7215A69}.Debug|Any CPU.ActiveCfg = Debug|Any CPU
		{EC9590CE-F8DA-4564-BE95-C3F8E7215A69}.Debug|Any CPU.Build.0 = Debug|Any CPU
		{EC9590CE-F8DA-4564-BE95-C3F8E7215A69}.Release|Any CPU.ActiveCfg = Release|Any CPU
		{EC9590CE-F8DA-4564-BE95-C3F8E7215A69}.Release|Any CPU.Build.0 = Release|Any CPU
	EndGlobalSection
	GlobalSection(SolutionProperties) = preSolution
		HideSolutionNode = FALSE
	EndGlobalSection
	GlobalSection(ExtensibilityGlobals) = postSolution
		SolutionGuid = {5E38BD1B-D565-4AC0-B82B-F41A28EE4217}
	EndGlobalSection
EndGlobal
