
Microsoft Visual Studio Solution File, Format Version 12.00
# Visual Studio Version 17
VisualStudioVersion = 17.1.32328.378
MinimumVisualStudioVersion = 10.0.40219.1
Project("{FAE04EC0-301F-11D3-BF4B-00C04F79EFBC}") = "PreorderIterativeTraversal", "PreorderIterativeTraversal\PreorderIterativeTraversal.csproj", "{72081F73-723C-42F7-BE3B-0AC3C136ECAF}"
EndProject
Global
	GlobalSection(SolutionConfigurationPlatforms) = preSolution
		Debug|Any CPU = Debug|Any CPU
		Release|Any CPU = Release|Any CPU
	EndGlobalSection
	GlobalSection(ProjectConfigurationPlatforms) = postSolution
		{72081F73-723C-42F7-BE3B-0AC3C136ECAF}.Debug|Any CPU.ActiveCfg = Debug|Any CPU
		{72081F73-723C-42F7-BE3B-0AC3C136ECAF}.Debug|Any CPU.Build.0 = Debug|Any CPU
		{72081F73-723C-42F7-BE3B-0AC3C136ECAF}.Release|Any CPU.ActiveCfg = Release|Any CPU
		{72081F73-723C-42F7-BE3B-0AC3C136ECAF}.Release|Any CPU.Build.0 = Release|Any CPU
	EndGlobalSection
	GlobalSection(SolutionProperties) = preSolution
		HideSolutionNode = FALSE
	EndGlobalSection
	GlobalSection(ExtensibilityGlobals) = postSolution
		SolutionGuid = {1932EDCC-49F3-4C33-807F-115F24D51914}
	EndGlobalSection
EndGlobal
