
Microsoft Visual Studio Solution File, Format Version 12.00
# Visual Studio Version 17
VisualStudioVersion = 17.2.32519.379
MinimumVisualStudioVersion = 10.0.40219.1
Project("{FAE04EC0-301F-11D3-BF4B-00C04F79EFBC}") = "MaximumProductWordLengths", "MaximumProductWordLengths\MaximumProductWordLengths.csproj", "{8C0A765F-6ABB-41D0-B2EF-7E549FD109CA}"
EndProject
Global
	GlobalSection(SolutionConfigurationPlatforms) = preSolution
		Debug|Any CPU = Debug|Any CPU
		Release|Any CPU = Release|Any CPU
	EndGlobalSection
	GlobalSection(ProjectConfigurationPlatforms) = postSolution
		{8C0A765F-6ABB-41D0-B2EF-7E549FD109CA}.Debug|Any CPU.ActiveCfg = Debug|Any CPU
		{8C0A765F-6ABB-41D0-B2EF-7E549FD109CA}.Debug|Any CPU.Build.0 = Debug|Any CPU
		{8C0A765F-6ABB-41D0-B2EF-7E549FD109CA}.Release|Any CPU.ActiveCfg = Release|Any CPU
		{8C0A765F-6ABB-41D0-B2EF-7E549FD109CA}.Release|Any CPU.Build.0 = Release|Any CPU
	EndGlobalSection
	GlobalSection(SolutionProperties) = preSolution
		HideSolutionNode = FALSE
	EndGlobalSection
	GlobalSection(ExtensibilityGlobals) = postSolution
		SolutionGuid = {02677303-82D9-48BB-83E9-4B3527138E2C}
	EndGlobalSection
EndGlobal
