
Microsoft Visual Studio Solution File, Format Version 12.00
# Visual Studio Version 17
VisualStudioVersion = 17.1.32328.378
MinimumVisualStudioVersion = 10.0.40219.1
Project("{FAE04EC0-301F-11D3-BF4B-00C04F79EFBC}") = "Transpose", "Transpose\Transpose.csproj", "{0CDE5137-80C8-4BB0-BFF1-4B64813A6590}"
EndProject
Global
	GlobalSection(SolutionConfigurationPlatforms) = preSolution
		Debug|Any CPU = Debug|Any CPU
		Release|Any CPU = Release|Any CPU
	EndGlobalSection
	GlobalSection(ProjectConfigurationPlatforms) = postSolution
		{0CDE5137-80C8-4BB0-BFF1-4B64813A6590}.Debug|Any CPU.ActiveCfg = Debug|Any CPU
		{0CDE5137-80C8-4BB0-BFF1-4B64813A6590}.Debug|Any CPU.Build.0 = Debug|Any CPU
		{0CDE5137-80C8-4BB0-BFF1-4B64813A6590}.Release|Any CPU.ActiveCfg = Release|Any CPU
		{0CDE5137-80C8-4BB0-BFF1-4B64813A6590}.Release|Any CPU.Build.0 = Release|Any CPU
	EndGlobalSection
	GlobalSection(SolutionProperties) = preSolution
		HideSolutionNode = FALSE
	EndGlobalSection
	GlobalSection(ExtensibilityGlobals) = postSolution
		SolutionGuid = {EE5D9DFF-6C60-4C73-ADCC-32FC42CE676B}
	EndGlobalSection
EndGlobal
