
Microsoft Visual Studio Solution File, Format Version 12.00
# Visual Studio Version 17
VisualStudioVersion = 17.2.32616.157
MinimumVisualStudioVersion = 10.0.40219.1
Project("{FAE04EC0-301F-11D3-BF4B-00C04F79EFBC}") = "ReverseInteger", "ReverseInteger\ReverseInteger.csproj", "{A425FB88-4A4C-4BFB-BF2E-98B4099EDDDE}"
EndProject
Global
	GlobalSection(SolutionConfigurationPlatforms) = preSolution
		Debug|Any CPU = Debug|Any CPU
		Release|Any CPU = Release|Any CPU
	EndGlobalSection
	GlobalSection(ProjectConfigurationPlatforms) = postSolution
		{A425FB88-4A4C-4BFB-BF2E-98B4099EDDDE}.Debug|Any CPU.ActiveCfg = Debug|Any CPU
		{A425FB88-4A4C-4BFB-BF2E-98B4099EDDDE}.Debug|Any CPU.Build.0 = Debug|Any CPU
		{A425FB88-4A4C-4BFB-BF2E-98B4099EDDDE}.Release|Any CPU.ActiveCfg = Release|Any CPU
		{A425FB88-4A4C-4BFB-BF2E-98B4099EDDDE}.Release|Any CPU.Build.0 = Release|Any CPU
	EndGlobalSection
	GlobalSection(SolutionProperties) = preSolution
		HideSolutionNode = FALSE
	EndGlobalSection
	GlobalSection(ExtensibilityGlobals) = postSolution
		SolutionGuid = {873CE380-B1D8-4AAC-923C-C40B130FC921}
	EndGlobalSection
EndGlobal
