
Microsoft Visual Studio Solution File, Format Version 12.00
# Visual Studio Version 17
VisualStudioVersion = 17.2.32519.379
MinimumVisualStudioVersion = 10.0.40219.1
Project("{FAE04EC0-301F-11D3-BF4B-00C04F79EFBC}") = "KWeakestRows", "KWeakestRows\KWeakestRows.csproj", "{5B456C54-9773-4403-91A7-50F6A9909CE5}"
EndProject
Global
	GlobalSection(SolutionConfigurationPlatforms) = preSolution
		Debug|Any CPU = Debug|Any CPU
		Release|Any CPU = Release|Any CPU
	EndGlobalSection
	GlobalSection(ProjectConfigurationPlatforms) = postSolution
		{5B456C54-9773-4403-91A7-50F6A9909CE5}.Debug|Any CPU.ActiveCfg = Debug|Any CPU
		{5B456C54-9773-4403-91A7-50F6A9909CE5}.Debug|Any CPU.Build.0 = Debug|Any CPU
		{5B456C54-9773-4403-91A7-50F6A9909CE5}.Release|Any CPU.ActiveCfg = Release|Any CPU
		{5B456C54-9773-4403-91A7-50F6A9909CE5}.Release|Any CPU.Build.0 = Release|Any CPU
	EndGlobalSection
	GlobalSection(SolutionProperties) = preSolution
		HideSolutionNode = FALSE
	EndGlobalSection
	GlobalSection(ExtensibilityGlobals) = postSolution
		SolutionGuid = {FB51D89E-1145-4DBA-8B1E-8011D6038317}
	EndGlobalSection
EndGlobal
