
Microsoft Visual Studio Solution File, Format Version 12.00
# Visual Studio Version 17
VisualStudioVersion = 17.2.32526.322
MinimumVisualStudioVersion = 10.0.40219.1
Project("{FAE04EC0-301F-11D3-BF4B-00C04F79EFBC}") = "RedundantConnection", "RedundantConnection\RedundantConnection.csproj", "{BC65FDCD-5ED9-4416-904E-BA301A2C969D}"
EndProject
Global
	GlobalSection(SolutionConfigurationPlatforms) = preSolution
		Debug|Any CPU = Debug|Any CPU
		Release|Any CPU = Release|Any CPU
	EndGlobalSection
	GlobalSection(ProjectConfigurationPlatforms) = postSolution
		{BC65FDCD-5ED9-4416-904E-BA301A2C969D}.Debug|Any CPU.ActiveCfg = Debug|Any CPU
		{BC65FDCD-5ED9-4416-904E-BA301A2C969D}.Debug|Any CPU.Build.0 = Debug|Any CPU
		{BC65FDCD-5ED9-4416-904E-BA301A2C969D}.Release|Any CPU.ActiveCfg = Release|Any CPU
		{BC65FDCD-5ED9-4416-904E-BA301A2C969D}.Release|Any CPU.Build.0 = Release|Any CPU
	EndGlobalSection
	GlobalSection(SolutionProperties) = preSolution
		HideSolutionNode = FALSE
	EndGlobalSection
	GlobalSection(ExtensibilityGlobals) = postSolution
		SolutionGuid = {D69D20DD-EFCA-4DE3-9BC4-3ABFAA077CBD}
	EndGlobalSection
EndGlobal
