
Microsoft Visual Studio Solution File, Format Version 12.00
# Visual Studio Version 17
VisualStudioVersion = 17.1.32328.378
MinimumVisualStudioVersion = 10.0.40219.1
Project("{FAE04EC0-301F-11D3-BF4B-00C04F79EFBC}") = "BinaryTreeFullNodes", "BinaryTreeFullNodes\BinaryTreeFullNodes.csproj", "{D8B4C8E3-18EB-41C7-A725-F61E6508CBCB}"
EndProject
Global
	GlobalSection(SolutionConfigurationPlatforms) = preSolution
		Debug|Any CPU = Debug|Any CPU
		Release|Any CPU = Release|Any CPU
	EndGlobalSection
	GlobalSection(ProjectConfigurationPlatforms) = postSolution
		{D8B4C8E3-18EB-41C7-A725-F61E6508CBCB}.Debug|Any CPU.ActiveCfg = Debug|Any CPU
		{D8B4C8E3-18EB-41C7-A725-F61E6508CBCB}.Debug|Any CPU.Build.0 = Debug|Any CPU
		{D8B4C8E3-18EB-41C7-A725-F61E6508CBCB}.Release|Any CPU.ActiveCfg = Release|Any CPU
		{D8B4C8E3-18EB-41C7-A725-F61E6508CBCB}.Release|Any CPU.Build.0 = Release|Any CPU
	EndGlobalSection
	GlobalSection(SolutionProperties) = preSolution
		HideSolutionNode = FALSE
	EndGlobalSection
	GlobalSection(ExtensibilityGlobals) = postSolution
		SolutionGuid = {2D3324DD-0A42-4762-8C07-F90B64F291EA}
	EndGlobalSection
EndGlobal
