
Microsoft Visual Studio Solution File, Format Version 12.00
# Visual Studio Version 17
VisualStudioVersion = 17.1.32328.378
MinimumVisualStudioVersion = 10.0.40219.1
Project("{FAE04EC0-301F-11D3-BF4B-00C04F79EFBC}") = "CountLeaves", "CountLeaves\CountLeaves.csproj", "{6C3D0E35-CA74-4299-BFCF-1FBC97C7B231}"
EndProject
Global
	GlobalSection(SolutionConfigurationPlatforms) = preSolution
		Debug|Any CPU = Debug|Any CPU
		Release|Any CPU = Release|Any CPU
	EndGlobalSection
	GlobalSection(ProjectConfigurationPlatforms) = postSolution
		{6C3D0E35-CA74-4299-BFCF-1FBC97C7B231}.Debug|Any CPU.ActiveCfg = Debug|Any CPU
		{6C3D0E35-CA74-4299-BFCF-1FBC97C7B231}.Debug|Any CPU.Build.0 = Debug|Any CPU
		{6C3D0E35-CA74-4299-BFCF-1FBC97C7B231}.Release|Any CPU.ActiveCfg = Release|Any CPU
		{6C3D0E35-CA74-4299-BFCF-1FBC97C7B231}.Release|Any CPU.Build.0 = Release|Any CPU
	EndGlobalSection
	GlobalSection(SolutionProperties) = preSolution
		HideSolutionNode = FALSE
	EndGlobalSection
	GlobalSection(ExtensibilityGlobals) = postSolution
		SolutionGuid = {9451AF7B-2559-4DFC-87A2-FA0EA59BEE86}
	EndGlobalSection
EndGlobal
