
Microsoft Visual Studio Solution File, Format Version 12.00
# Visual Studio Version 17
VisualStudioVersion = 17.2.32526.322
MinimumVisualStudioVersion = 10.0.40219.1
Project("{FAE04EC0-301F-11D3-BF4B-00C04F79EFBC}") = "HappyNumber", "HappyNumber\HappyNumber.csproj", "{37CC8D69-8503-4A6F-8427-C4168FCBA9E2}"
EndProject
Global
	GlobalSection(SolutionConfigurationPlatforms) = preSolution
		Debug|Any CPU = Debug|Any CPU
		Release|Any CPU = Release|Any CPU
	EndGlobalSection
	GlobalSection(ProjectConfigurationPlatforms) = postSolution
		{37CC8D69-8503-4A6F-8427-C4168FCBA9E2}.Debug|Any CPU.ActiveCfg = Debug|Any CPU
		{37CC8D69-8503-4A6F-8427-C4168FCBA9E2}.Debug|Any CPU.Build.0 = Debug|Any CPU
		{37CC8D69-8503-4A6F-8427-C4168FCBA9E2}.Release|Any CPU.ActiveCfg = Release|Any CPU
		{37CC8D69-8503-4A6F-8427-C4168FCBA9E2}.Release|Any CPU.Build.0 = Release|Any CPU
	EndGlobalSection
	GlobalSection(SolutionProperties) = preSolution
		HideSolutionNode = FALSE
	EndGlobalSection
	GlobalSection(ExtensibilityGlobals) = postSolution
		SolutionGuid = {00A02BA7-96D7-4008-B8CA-8DA3F221FBD2}
	EndGlobalSection
EndGlobal
