
Microsoft Visual Studio Solution File, Format Version 12.00
# Visual Studio Version 17
VisualStudioVersion = 17.2.32616.157
MinimumVisualStudioVersion = 10.0.40219.1
Project("{FAE04EC0-301F-11D3-BF4B-00C04F79EFBC}") = "LRUCache", "LRUCache\LRUCache.csproj", "{BC7B7DC1-0B1F-4E90-8EAF-F31122563FB2}"
EndProject
Global
	GlobalSection(SolutionConfigurationPlatforms) = preSolution
		Debug|Any CPU = Debug|Any CPU
		Release|Any CPU = Release|Any CPU
	EndGlobalSection
	GlobalSection(ProjectConfigurationPlatforms) = postSolution
		{BC7B7DC1-0B1F-4E90-8EAF-F31122563FB2}.Debug|Any CPU.ActiveCfg = Debug|Any CPU
		{BC7B7DC1-0B1F-4E90-8EAF-F31122563FB2}.Debug|Any CPU.Build.0 = Debug|Any CPU
		{BC7B7DC1-0B1F-4E90-8EAF-F31122563FB2}.Release|Any CPU.ActiveCfg = Release|Any CPU
		{BC7B7DC1-0B1F-4E90-8EAF-F31122563FB2}.Release|Any CPU.Build.0 = Release|Any CPU
	EndGlobalSection
	GlobalSection(SolutionProperties) = preSolution
		HideSolutionNode = FALSE
	EndGlobalSection
	GlobalSection(ExtensibilityGlobals) = postSolution
		SolutionGuid = {A0CF3125-D287-4E96-BAD6-DFE30C7AE9D3}
	EndGlobalSection
EndGlobal
