
Microsoft Visual Studio Solution File, Format Version 12.00
# Visual Studio Version 17
VisualStudioVersion = 17.2.32616.157
MinimumVisualStudioVersion = 10.0.40219.1
Project("{FAE04EC0-301F-11D3-BF4B-00C04F79EFBC}") = "NQueens", "NQueens\NQueens.csproj", "{9F38E544-090F-4803-9C09-5D9DCD7E2DC8}"
EndProject
Global
	GlobalSection(SolutionConfigurationPlatforms) = preSolution
		Debug|Any CPU = Debug|Any CPU
		Release|Any CPU = Release|Any CPU
	EndGlobalSection
	GlobalSection(ProjectConfigurationPlatforms) = postSolution
		{9F38E544-090F-4803-9C09-5D9DCD7E2DC8}.Debug|Any CPU.ActiveCfg = Debug|Any CPU
		{9F38E544-090F-4803-9C09-5D9DCD7E2DC8}.Debug|Any CPU.Build.0 = Debug|Any CPU
		{9F38E544-090F-4803-9C09-5D9DCD7E2DC8}.Release|Any CPU.ActiveCfg = Release|Any CPU
		{9F38E544-090F-4803-9C09-5D9DCD7E2DC8}.Release|Any CPU.Build.0 = Release|Any CPU
	EndGlobalSection
	GlobalSection(SolutionProperties) = preSolution
		HideSolutionNode = FALSE
	EndGlobalSection
	GlobalSection(ExtensibilityGlobals) = postSolution
		SolutionGuid = {21DF9977-1BF5-4CBE-A8E8-5E7B6341B8F5}
	EndGlobalSection
EndGlobal
