
Microsoft Visual Studio Solution File, Format Version 12.00
# Visual Studio Version 17
VisualStudioVersion = 17.2.32616.157
MinimumVisualStudioVersion = 10.0.40219.1
Project("{FAE04EC0-301F-11D3-BF4B-00C04F79EFBC}") = "SerializeDeserializeBinaryTree", "SerializeDeserializeBinaryTree\SerializeDeserializeBinaryTree.csproj", "{28B75DE0-8887-4997-8E72-F451723AC2DE}"
EndProject
Global
	GlobalSection(SolutionConfigurationPlatforms) = preSolution
		Debug|Any CPU = Debug|Any CPU
		Release|Any CPU = Release|Any CPU
	EndGlobalSection
	GlobalSection(ProjectConfigurationPlatforms) = postSolution
		{28B75DE0-8887-4997-8E72-F451723AC2DE}.Debug|Any CPU.ActiveCfg = Debug|Any CPU
		{28B75DE0-8887-4997-8E72-F451723AC2DE}.Debug|Any CPU.Build.0 = Debug|Any CPU
		{28B75DE0-8887-4997-8E72-F451723AC2DE}.Release|Any CPU.ActiveCfg = Release|Any CPU
		{28B75DE0-8887-4997-8E72-F451723AC2DE}.Release|Any CPU.Build.0 = Release|Any CPU
	EndGlobalSection
	GlobalSection(SolutionProperties) = preSolution
		HideSolutionNode = FALSE
	EndGlobalSection
	GlobalSection(ExtensibilityGlobals) = postSolution
		SolutionGuid = {47E55968-C211-4CEE-9976-3E6983CC8041}
	EndGlobalSection
EndGlobal
