
Microsoft Visual Studio Solution File, Format Version 12.00
# Visual Studio Version 17
VisualStudioVersion = 17.2.32526.322
MinimumVisualStudioVersion = 10.0.40219.1
Project("{FAE04EC0-301F-11D3-BF4B-00C04F79EFBC}") = "JumpGameII", "JumpGameII\JumpGameII.csproj", "{662DA1C8-1FBC-42D0-B292-77098DCEC522}"
EndProject
Global
	GlobalSection(SolutionConfigurationPlatforms) = preSolution
		Debug|Any CPU = Debug|Any CPU
		Release|Any CPU = Release|Any CPU
	EndGlobalSection
	GlobalSection(ProjectConfigurationPlatforms) = postSolution
		{662DA1C8-1FBC-42D0-B292-77098DCEC522}.Debug|Any CPU.ActiveCfg = Debug|Any CPU
		{662DA1C8-1FBC-42D0-B292-77098DCEC522}.Debug|Any CPU.Build.0 = Debug|Any CPU
		{662DA1C8-1FBC-42D0-B292-77098DCEC522}.Release|Any CPU.ActiveCfg = Release|Any CPU
		{662DA1C8-1FBC-42D0-B292-77098DCEC522}.Release|Any CPU.Build.0 = Release|Any CPU
	EndGlobalSection
	GlobalSection(SolutionProperties) = preSolution
		HideSolutionNode = FALSE
	EndGlobalSection
	GlobalSection(ExtensibilityGlobals) = postSolution
		SolutionGuid = {25DE6806-D973-46DE-A801-EEDAA935CA57}
	EndGlobalSection
EndGlobal
