
Microsoft Visual Studio Solution File, Format Version 12.00
# Visual Studio Version 17
VisualStudioVersion = 17.2.32526.322
MinimumVisualStudioVersion = 10.0.40219.1
Project("{FAE04EC0-301F-11D3-BF4B-00C04F79EFBC}") = "LongestRepeatingCharacterReplacement", "LongestRepeatingCharacterReplacement\LongestRepeatingCharacterReplacement.csproj", "{C263993A-9E15-47CE-8988-B3065BE6F34F}"
EndProject
Global
	GlobalSection(SolutionConfigurationPlatforms) = preSolution
		Debug|Any CPU = Debug|Any CPU
		Release|Any CPU = Release|Any CPU
	EndGlobalSection
	GlobalSection(ProjectConfigurationPlatforms) = postSolution
		{C263993A-9E15-47CE-8988-B3065BE6F34F}.Debug|Any CPU.ActiveCfg = Debug|Any CPU
		{C263993A-9E15-47CE-8988-B3065BE6F34F}.Debug|Any CPU.Build.0 = Debug|Any CPU
		{C263993A-9E15-47CE-8988-B3065BE6F34F}.Release|Any CPU.ActiveCfg = Release|Any CPU
		{C263993A-9E15-47CE-8988-B3065BE6F34F}.Release|Any CPU.Build.0 = Release|Any CPU
	EndGlobalSection
	GlobalSection(SolutionProperties) = preSolution
		HideSolutionNode = FALSE
	EndGlobalSection
	GlobalSection(ExtensibilityGlobals) = postSolution
		SolutionGuid = {09698D8B-BA58-4FE3-A434-FE91A881FBEC}
	EndGlobalSection
EndGlobal
