
Microsoft Visual Studio Solution File, Format Version 12.00
# Visual Studio Version 17
VisualStudioVersion = 17.1.32328.378
MinimumVisualStudioVersion = 10.0.40219.1
Project("{FAE04EC0-301F-11D3-BF4B-00C04F79EFBC}") = "PreOrderTraversal", "PreOrderTraversal\PreOrderTraversal.csproj", "{CCDE2531-05B0-4D78-8409-7F3AB1ABDBED}"
EndProject
Global
	GlobalSection(SolutionConfigurationPlatforms) = preSolution
		Debug|Any CPU = Debug|Any CPU
		Release|Any CPU = Release|Any CPU
	EndGlobalSection
	GlobalSection(ProjectConfigurationPlatforms) = postSolution
		{CCDE2531-05B0-4D78-8409-7F3AB1ABDBED}.Debug|Any CPU.ActiveCfg = Debug|Any CPU
		{CCDE2531-05B0-4D78-8409-7F3AB1ABDBED}.Debug|Any CPU.Build.0 = Debug|Any CPU
		{CCDE2531-05B0-4D78-8409-7F3AB1ABDBED}.Release|Any CPU.ActiveCfg = Release|Any CPU
		{CCDE2531-05B0-4D78-8409-7F3AB1ABDBED}.Release|Any CPU.Build.0 = Release|Any CPU
	EndGlobalSection
	GlobalSection(SolutionProperties) = preSolution
		HideSolutionNode = FALSE
	EndGlobalSection
	GlobalSection(ExtensibilityGlobals) = postSolution
		SolutionGuid = {53FC40E7-4EEC-4006-A379-88E20C24E0F7}
	EndGlobalSection
EndGlobal
