
Microsoft Visual Studio Solution File, Format Version 12.00
# Visual Studio Version 17
VisualStudioVersion = 17.2.32602.215
MinimumVisualStudioVersion = 10.0.40219.1
Project("{FAE04EC0-301F-11D3-BF4B-00C04F79EFBC}") = "PermutationInString", "PermutationInString\PermutationInString.csproj", "{21712A7A-68CA-4E97-916A-019E366AF5AE}"
EndProject
Global
	GlobalSection(SolutionConfigurationPlatforms) = preSolution
		Debug|Any CPU = Debug|Any CPU
		Release|Any CPU = Release|Any CPU
	EndGlobalSection
	GlobalSection(ProjectConfigurationPlatforms) = postSolution
		{21712A7A-68CA-4E97-916A-019E366AF5AE}.Debug|Any CPU.ActiveCfg = Debug|Any CPU
		{21712A7A-68CA-4E97-916A-019E366AF5AE}.Debug|Any CPU.Build.0 = Debug|Any CPU
		{21712A7A-68CA-4E97-916A-019E366AF5AE}.Release|Any CPU.ActiveCfg = Release|Any CPU
		{21712A7A-68CA-4E97-916A-019E366AF5AE}.Release|Any CPU.Build.0 = Release|Any CPU
	EndGlobalSection
	GlobalSection(SolutionProperties) = preSolution
		HideSolutionNode = FALSE
	EndGlobalSection
	GlobalSection(ExtensibilityGlobals) = postSolution
		SolutionGuid = {BFBFFAA2-48FC-4E59-A78E-C59168B05BE7}
	EndGlobalSection
EndGlobal
