
Microsoft Visual Studio Solution File, Format Version 12.00
# Visual Studio Version 17
VisualStudioVersion = 17.1.32328.378
MinimumVisualStudioVersion = 10.0.40219.1
Project("{FAE04EC0-301F-11D3-BF4B-00C04F79EFBC}") = "RemoveDuplicatesLinkedList", "RemoveDuplicatesLinkedList\RemoveDuplicatesLinkedList.csproj", "{59D511BE-4F43-4059-9652-5B2B83662F3B}"
EndProject
Global
	GlobalSection(SolutionConfigurationPlatforms) = preSolution
		Debug|Any CPU = Debug|Any CPU
		Release|Any CPU = Release|Any CPU
	EndGlobalSection
	GlobalSection(ProjectConfigurationPlatforms) = postSolution
		{59D511BE-4F43-4059-9652-5B2B83662F3B}.Debug|Any CPU.ActiveCfg = Debug|Any CPU
		{59D511BE-4F43-4059-9652-5B2B83662F3B}.Debug|Any CPU.Build.0 = Debug|Any CPU
		{59D511BE-4F43-4059-9652-5B2B83662F3B}.Release|Any CPU.ActiveCfg = Release|Any CPU
		{59D511BE-4F43-4059-9652-5B2B83662F3B}.Release|Any CPU.Build.0 = Release|Any CPU
	EndGlobalSection
	GlobalSection(SolutionProperties) = preSolution
		HideSolutionNode = FALSE
	EndGlobalSection
	GlobalSection(ExtensibilityGlobals) = postSolution
		SolutionGuid = {578D069C-424C-4C5C-B8EF-C55ADBBB5A90}
	EndGlobalSection
EndGlobal
