
Microsoft Visual Studio Solution File, Format Version 12.00
# Visual Studio Version 17
VisualStudioVersion = 17.1.32328.378
MinimumVisualStudioVersion = 10.0.40219.1
Project("{FAE04EC0-301F-11D3-BF4B-00C04F79EFBC}") = "MissingNumber", "MissingNumber\MissingNumber.csproj", "{70CFFA02-6B98-4AD1-A2D7-F74D907C40DE}"
EndProject
Global
	GlobalSection(SolutionConfigurationPlatforms) = preSolution
		Debug|Any CPU = Debug|Any CPU
		Release|Any CPU = Release|Any CPU
	EndGlobalSection
	GlobalSection(ProjectConfigurationPlatforms) = postSolution
		{70CFFA02-6B98-4AD1-A2D7-F74D907C40DE}.Debug|Any CPU.ActiveCfg = Debug|Any CPU
		{70CFFA02-6B98-4AD1-A2D7-F74D907C40DE}.Debug|Any CPU.Build.0 = Debug|Any CPU
		{70CFFA02-6B98-4AD1-A2D7-F74D907C40DE}.Release|Any CPU.ActiveCfg = Release|Any CPU
		{70CFFA02-6B98-4AD1-A2D7-F74D907C40DE}.Release|Any CPU.Build.0 = Release|Any CPU
	EndGlobalSection
	GlobalSection(SolutionProperties) = preSolution
		HideSolutionNode = FALSE
	EndGlobalSection
	GlobalSection(ExtensibilityGlobals) = postSolution
		SolutionGuid = {44912178-A29A-4DF6-BB68-51B6719BC635}
	EndGlobalSection
EndGlobal
