
Microsoft Visual Studio Solution File, Format Version 12.00
# Visual Studio Version 17
VisualStudioVersion = 17.1.32421.90
MinimumVisualStudioVersion = 10.0.40219.1
Project("{FAE04EC0-301F-11D3-BF4B-00C04F79EFBC}") = "GenerateAdjacencyList", "GenerateAdjacencyList\GenerateAdjacencyList.csproj", "{234D63AA-44AA-4AD9-9AE8-3FCC265ED00C}"
EndProject
Global
	GlobalSection(SolutionConfigurationPlatforms) = preSolution
		Debug|Any CPU = Debug|Any CPU
		Release|Any CPU = Release|Any CPU
	EndGlobalSection
	GlobalSection(ProjectConfigurationPlatforms) = postSolution
		{234D63AA-44AA-4AD9-9AE8-3FCC265ED00C}.Debug|Any CPU.ActiveCfg = Debug|Any CPU
		{234D63AA-44AA-4AD9-9AE8-3FCC265ED00C}.Debug|Any CPU.Build.0 = Debug|Any CPU
		{234D63AA-44AA-4AD9-9AE8-3FCC265ED00C}.Release|Any CPU.ActiveCfg = Release|Any CPU
		{234D63AA-44AA-4AD9-9AE8-3FCC265ED00C}.Release|Any CPU.Build.0 = Release|Any CPU
	EndGlobalSection
	GlobalSection(SolutionProperties) = preSolution
		HideSolutionNode = FALSE
	EndGlobalSection
	GlobalSection(ExtensibilityGlobals) = postSolution
		SolutionGuid = {B2B287F7-3503-4E8B-86D4-874BCE5B2FCD}
	EndGlobalSection
EndGlobal
