
Microsoft Visual Studio Solution File, Format Version 12.00
# Visual Studio Version 17
VisualStudioVersion = 17.2.32616.157
MinimumVisualStudioVersion = 10.0.40219.1
Project("{FAE04EC0-301F-11D3-BF4B-00C04F79EFBC}") = "DistinctSubsequences", "DistinctSubsequences\DistinctSubsequences.csproj", "{1670B86D-6655-4EF6-9498-B28E6525FE68}"
EndProject
Global
	GlobalSection(SolutionConfigurationPlatforms) = preSolution
		Debug|Any CPU = Debug|Any CPU
		Release|Any CPU = Release|Any CPU
	EndGlobalSection
	GlobalSection(ProjectConfigurationPlatforms) = postSolution
		{1670B86D-6655-4EF6-9498-B28E6525FE68}.Debug|Any CPU.ActiveCfg = Debug|Any CPU
		{1670B86D-6655-4EF6-9498-B28E6525FE68}.Debug|Any CPU.Build.0 = Debug|Any CPU
		{1670B86D-6655-4EF6-9498-B28E6525FE68}.Release|Any CPU.ActiveCfg = Release|Any CPU
		{1670B86D-6655-4EF6-9498-B28E6525FE68}.Release|Any CPU.Build.0 = Release|Any CPU
	EndGlobalSection
	GlobalSection(SolutionProperties) = preSolution
		HideSolutionNode = FALSE
	EndGlobalSection
	GlobalSection(ExtensibilityGlobals) = postSolution
		SolutionGuid = {0E54ACFB-6B86-41AD-B29E-91532C7BF0A0}
	EndGlobalSection
EndGlobal
