
Microsoft Visual Studio Solution File, Format Version 12.00
# Visual Studio Version 17
VisualStudioVersion = 17.2.32526.322
MinimumVisualStudioVersion = 10.0.40219.1
Project("{FAE04EC0-301F-11D3-BF4B-00C04F79EFBC}") = "SubsetsII", "SubsetsII\SubsetsII.csproj", "{3C5EC783-2E8A-4725-AEFA-255F7472AFBF}"
EndProject
Global
	GlobalSection(SolutionConfigurationPlatforms) = preSolution
		Debug|Any CPU = Debug|Any CPU
		Release|Any CPU = Release|Any CPU
	EndGlobalSection
	GlobalSection(ProjectConfigurationPlatforms) = postSolution
		{3C5EC783-2E8A-4725-AEFA-255F7472AFBF}.Debug|Any CPU.ActiveCfg = Debug|Any CPU
		{3C5EC783-2E8A-4725-AEFA-255F7472AFBF}.Debug|Any CPU.Build.0 = Debug|Any CPU
		{3C5EC783-2E8A-4725-AEFA-255F7472AFBF}.Release|Any CPU.ActiveCfg = Release|Any CPU
		{3C5EC783-2E8A-4725-AEFA-255F7472AFBF}.Release|Any CPU.Build.0 = Release|Any CPU
	EndGlobalSection
	GlobalSection(SolutionProperties) = preSolution
		HideSolutionNode = FALSE
	EndGlobalSection
	GlobalSection(ExtensibilityGlobals) = postSolution
		SolutionGuid = {26F20E5F-F0B4-4605-8BF2-382F8123DDE9}
	EndGlobalSection
EndGlobal
