
Microsoft Visual Studio Solution File, Format Version 12.00
# Visual Studio Version 17
VisualStudioVersion = 17.2.32519.379
MinimumVisualStudioVersion = 10.0.40219.1
Project("{FAE04EC0-301F-11D3-BF4B-00C04F79EFBC}") = "InsertInterval", "InsertInterval\InsertInterval.csproj", "{1EE4D34E-4B09-4F50-8728-5F6A36A77D6F}"
EndProject
Global
	GlobalSection(SolutionConfigurationPlatforms) = preSolution
		Debug|Any CPU = Debug|Any CPU
		Release|Any CPU = Release|Any CPU
	EndGlobalSection
	GlobalSection(ProjectConfigurationPlatforms) = postSolution
		{1EE4D34E-4B09-4F50-8728-5F6A36A77D6F}.Debug|Any CPU.ActiveCfg = Debug|Any CPU
		{1EE4D34E-4B09-4F50-8728-5F6A36A77D6F}.Debug|Any CPU.Build.0 = Debug|Any CPU
		{1EE4D34E-4B09-4F50-8728-5F6A36A77D6F}.Release|Any CPU.ActiveCfg = Release|Any CPU
		{1EE4D34E-4B09-4F50-8728-5F6A36A77D6F}.Release|Any CPU.Build.0 = Release|Any CPU
	EndGlobalSection
	GlobalSection(SolutionProperties) = preSolution
		HideSolutionNode = FALSE
	EndGlobalSection
	GlobalSection(ExtensibilityGlobals) = postSolution
		SolutionGuid = {D4E1F4F7-50CE-47C1-8612-823F52E77810}
	EndGlobalSection
EndGlobal
