
Microsoft Visual Studio Solution File, Format Version 12.00
# Visual Studio Version 17
VisualStudioVersion = 17.1.32421.90
MinimumVisualStudioVersion = 10.0.40219.1
Project("{FAE04EC0-301F-11D3-BF4B-00C04F79EFBC}") = "BinaryTreeMirror", "BinaryTreeMirror\BinaryTreeMirror.csproj", "{C5EDAAD7-E7C8-4EEE-8E43-A5587C8803E3}"
EndProject
Global
	GlobalSection(SolutionConfigurationPlatforms) = preSolution
		Debug|Any CPU = Debug|Any CPU
		Release|Any CPU = Release|Any CPU
	EndGlobalSection
	GlobalSection(ProjectConfigurationPlatforms) = postSolution
		{C5EDAAD7-E7C8-4EEE-8E43-A5587C8803E3}.Debug|Any CPU.ActiveCfg = Debug|Any CPU
		{C5EDAAD7-E7C8-4EEE-8E43-A5587C8803E3}.Debug|Any CPU.Build.0 = Debug|Any CPU
		{C5EDAAD7-E7C8-4EEE-8E43-A5587C8803E3}.Release|Any CPU.ActiveCfg = Release|Any CPU
		{C5EDAAD7-E7C8-4EEE-8E43-A5587C8803E3}.Release|Any CPU.Build.0 = Release|Any CPU
	EndGlobalSection
	GlobalSection(SolutionProperties) = preSolution
		HideSolutionNode = FALSE
	EndGlobalSection
	GlobalSection(ExtensibilityGlobals) = postSolution
		SolutionGuid = {C3D87557-C5D4-423F-B644-F3BC156002F4}
	EndGlobalSection
EndGlobal
