
Microsoft Visual Studio Solution File, Format Version 12.00
# Visual Studio Version 17
VisualStudioVersion = 17.2.32526.322
MinimumVisualStudioVersion = 10.0.40219.1
Project("{FAE04EC0-301F-11D3-BF4B-00C04F79EFBC}") = "SetMatrixZeroes", "SetMatrixZeroes\SetMatrixZeroes.csproj", "{FFCF7033-D1D0-4C2A-B443-F94EB4655712}"
EndProject
Global
	GlobalSection(SolutionConfigurationPlatforms) = preSolution
		Debug|Any CPU = Debug|Any CPU
		Release|Any CPU = Release|Any CPU
	EndGlobalSection
	GlobalSection(ProjectConfigurationPlatforms) = postSolution
		{FFCF7033-D1D0-4C2A-B443-F94EB4655712}.Debug|Any CPU.ActiveCfg = Debug|Any CPU
		{FFCF7033-D1D0-4C2A-B443-F94EB4655712}.Debug|Any CPU.Build.0 = Debug|Any CPU
		{FFCF7033-D1D0-4C2A-B443-F94EB4655712}.Release|Any CPU.ActiveCfg = Release|Any CPU
		{FFCF7033-D1D0-4C2A-B443-F94EB4655712}.Release|Any CPU.Build.0 = Release|Any CPU
	EndGlobalSection
	GlobalSection(SolutionProperties) = preSolution
		HideSolutionNode = FALSE
	EndGlobalSection
	GlobalSection(ExtensibilityGlobals) = postSolution
		SolutionGuid = {C508895A-9084-4A20-84B5-4719F76D4B66}
	EndGlobalSection
EndGlobal
