
Microsoft Visual Studio Solution File, Format Version 12.00
# Visual Studio Version 17
VisualStudioVersion = 17.2.32519.379
MinimumVisualStudioVersion = 10.0.40219.1
Project("{FAE04EC0-301F-11D3-BF4B-00C04F79EFBC}") = "KthLargestElementStream", "KthLargestElementStream\KthLargestElementStream.csproj", "{F7430845-468B-4A25-878D-69852DF04003}"
EndProject
Global
	GlobalSection(SolutionConfigurationPlatforms) = preSolution
		Debug|Any CPU = Debug|Any CPU
		Release|Any CPU = Release|Any CPU
	EndGlobalSection
	GlobalSection(ProjectConfigurationPlatforms) = postSolution
		{F7430845-468B-4A25-878D-69852DF04003}.Debug|Any CPU.ActiveCfg = Debug|Any CPU
		{F7430845-468B-4A25-878D-69852DF04003}.Debug|Any CPU.Build.0 = Debug|Any CPU
		{F7430845-468B-4A25-878D-69852DF04003}.Release|Any CPU.ActiveCfg = Release|Any CPU
		{F7430845-468B-4A25-878D-69852DF04003}.Release|Any CPU.Build.0 = Release|Any CPU
	EndGlobalSection
	GlobalSection(SolutionProperties) = preSolution
		HideSolutionNode = FALSE
	EndGlobalSection
	GlobalSection(ExtensibilityGlobals) = postSolution
		SolutionGuid = {4E7D6BB0-7C76-4FFA-95FF-FC85D9E3FD6F}
	EndGlobalSection
EndGlobal
