
Microsoft Visual Studio Solution File, Format Version 12.00
# Visual Studio Version 17
VisualStudioVersion = 17.2.32616.157
MinimumVisualStudioVersion = 10.0.40219.1
Project("{FAE04EC0-301F-11D3-BF4B-00C04F79EFBC}") = "LongestIncreasingSubsequence", "LongestIncreasingSubsequence\LongestIncreasingSubsequence.csproj", "{8B2E794B-605C-422D-80A5-D0DD4ECB78AD}"
EndProject
Global
	GlobalSection(SolutionConfigurationPlatforms) = preSolution
		Debug|Any CPU = Debug|Any CPU
		Release|Any CPU = Release|Any CPU
	EndGlobalSection
	GlobalSection(ProjectConfigurationPlatforms) = postSolution
		{8B2E794B-605C-422D-80A5-D0DD4ECB78AD}.Debug|Any CPU.ActiveCfg = Debug|Any CPU
		{8B2E794B-605C-422D-80A5-D0DD4ECB78AD}.Debug|Any CPU.Build.0 = Debug|Any CPU
		{8B2E794B-605C-422D-80A5-D0DD4ECB78AD}.Release|Any CPU.ActiveCfg = Release|Any CPU
		{8B2E794B-605C-422D-80A5-D0DD4ECB78AD}.Release|Any CPU.Build.0 = Release|Any CPU
	EndGlobalSection
	GlobalSection(SolutionProperties) = preSolution
		HideSolutionNode = FALSE
	EndGlobalSection
	GlobalSection(ExtensibilityGlobals) = postSolution
		SolutionGuid = {5672BBE8-1C1E-44D2-869B-BEEA010C64E0}
	EndGlobalSection
EndGlobal
