
Microsoft Visual Studio Solution File, Format Version 12.00
# Visual Studio Version 17
VisualStudioVersion = 17.2.32602.215
MinimumVisualStudioVersion = 10.0.40219.1
Project("{FAE04EC0-301F-11D3-BF4B-00C04F79EFBC}") = "InterleavingString", "InterleavingString\InterleavingString.csproj", "{2EAFA0E8-6E00-4266-B7F5-37DD8DE01CC0}"
EndProject
Global
	GlobalSection(SolutionConfigurationPlatforms) = preSolution
		Debug|Any CPU = Debug|Any CPU
		Release|Any CPU = Release|Any CPU
	EndGlobalSection
	GlobalSection(ProjectConfigurationPlatforms) = postSolution
		{2EAFA0E8-6E00-4266-B7F5-37DD8DE01CC0}.Debug|Any CPU.ActiveCfg = Debug|Any CPU
		{2EAFA0E8-6E00-4266-B7F5-37DD8DE01CC0}.Debug|Any CPU.Build.0 = Debug|Any CPU
		{2EAFA0E8-6E00-4266-B7F5-37DD8DE01CC0}.Release|Any CPU.ActiveCfg = Release|Any CPU
		{2EAFA0E8-6E00-4266-B7F5-37DD8DE01CC0}.Release|Any CPU.Build.0 = Release|Any CPU
	EndGlobalSection
	GlobalSection(SolutionProperties) = preSolution
		HideSolutionNode = FALSE
	EndGlobalSection
	GlobalSection(ExtensibilityGlobals) = postSolution
		SolutionGuid = {4262FF77-0949-495A-9675-1B6723F8A20F}
	EndGlobalSection
EndGlobal
