
Microsoft Visual Studio Solution File, Format Version 12.00
# Visual Studio Version 17
VisualStudioVersion = 17.2.32616.157
MinimumVisualStudioVersion = 10.0.40219.1
Project("{FAE04EC0-301F-11D3-BF4B-00C04F79EFBC}") = "ValidParenthesisString", "ValidParenthesisString\ValidParenthesisString.csproj", "{8F355012-BF81-4581-8E67-D95B69BD92AA}"
EndProject
Global
	GlobalSection(SolutionConfigurationPlatforms) = preSolution
		Debug|Any CPU = Debug|Any CPU
		Release|Any CPU = Release|Any CPU
	EndGlobalSection
	GlobalSection(ProjectConfigurationPlatforms) = postSolution
		{8F355012-BF81-4581-8E67-D95B69BD92AA}.Debug|Any CPU.ActiveCfg = Debug|Any CPU
		{8F355012-BF81-4581-8E67-D95B69BD92AA}.Debug|Any CPU.Build.0 = Debug|Any CPU
		{8F355012-BF81-4581-8E67-D95B69BD92AA}.Release|Any CPU.ActiveCfg = Release|Any CPU
		{8F355012-BF81-4581-8E67-D95B69BD92AA}.Release|Any CPU.Build.0 = Release|Any CPU
	EndGlobalSection
	GlobalSection(SolutionProperties) = preSolution
		HideSolutionNode = FALSE
	EndGlobalSection
	GlobalSection(ExtensibilityGlobals) = postSolution
		SolutionGuid = {B55DFA3A-CBD3-49C9-B13D-E851C6744246}
	EndGlobalSection
EndGlobal
