
Microsoft Visual Studio Solution File, Format Version 12.00
# Visual Studio Version 17
VisualStudioVersion = 17.2.32519.379
MinimumVisualStudioVersion = 10.0.40219.1
Project("{FAE04EC0-301F-11D3-BF4B-00C04F79EFBC}") = "MinCostClimbingStairs", "MinCostClimbingStairs\MinCostClimbingStairs.csproj", "{62EAC07B-37AB-47C3-B09F-3EE475B354CC}"
EndProject
Global
	GlobalSection(SolutionConfigurationPlatforms) = preSolution
		Debug|Any CPU = Debug|Any CPU
		Release|Any CPU = Release|Any CPU
	EndGlobalSection
	GlobalSection(ProjectConfigurationPlatforms) = postSolution
		{62EAC07B-37AB-47C3-B09F-3EE475B354CC}.Debug|Any CPU.ActiveCfg = Debug|Any CPU
		{62EAC07B-37AB-47C3-B09F-3EE475B354CC}.Debug|Any CPU.Build.0 = Debug|Any CPU
		{62EAC07B-37AB-47C3-B09F-3EE475B354CC}.Release|Any CPU.ActiveCfg = Release|Any CPU
		{62EAC07B-37AB-47C3-B09F-3EE475B354CC}.Release|Any CPU.Build.0 = Release|Any CPU
	EndGlobalSection
	GlobalSection(SolutionProperties) = preSolution
		HideSolutionNode = FALSE
	EndGlobalSection
	GlobalSection(ExtensibilityGlobals) = postSolution
		SolutionGuid = {3BCC7A38-422F-4337-8732-E43B6714492D}
	EndGlobalSection
EndGlobal
