
Microsoft Visual Studio Solution File, Format Version 12.00
# Visual Studio Version 17
VisualStudioVersion = 17.2.32616.157
MinimumVisualStudioVersion = 10.0.40219.1
Project("{FAE04EC0-301F-11D3-BF4B-00C04F79EFBC}") = "MinimumIntervalToIncludeEachQuery", "MinimumIntervalToIncludeEachQuery\MinimumIntervalToIncludeEachQuery.csproj", "{DF1F864D-1687-4290-82CD-D96AB6A4BBB6}"
EndProject
Global
	GlobalSection(SolutionConfigurationPlatforms) = preSolution
		Debug|Any CPU = Debug|Any CPU
		Release|Any CPU = Release|Any CPU
	EndGlobalSection
	GlobalSection(ProjectConfigurationPlatforms) = postSolution
		{DF1F864D-1687-4290-82CD-D96AB6A4BBB6}.Debug|Any CPU.ActiveCfg = Debug|Any CPU
		{DF1F864D-1687-4290-82CD-D96AB6A4BBB6}.Debug|Any CPU.Build.0 = Debug|Any CPU
		{DF1F864D-1687-4290-82CD-D96AB6A4BBB6}.Release|Any CPU.ActiveCfg = Release|Any CPU
		{DF1F864D-1687-4290-82CD-D96AB6A4BBB6}.Release|Any CPU.Build.0 = Release|Any CPU
	EndGlobalSection
	GlobalSection(SolutionProperties) = preSolution
		HideSolutionNode = FALSE
	EndGlobalSection
	GlobalSection(ExtensibilityGlobals) = postSolution
		SolutionGuid = {2CC60DDC-DBB2-489F-BA39-77BD2C0E7094}
	EndGlobalSection
EndGlobal
