
Microsoft Visual Studio Solution File, Format Version 12.00
# Visual Studio Version 17
VisualStudioVersion = 17.1.32421.90
MinimumVisualStudioVersion = 10.0.40219.1
Project("{FAE04EC0-301F-11D3-BF4B-00C04F79EFBC}") = "BinaryTreeMaxSumPathNegatives", "BinaryTreeMaxSumPathNegatives\BinaryTreeMaxSumPathNegatives.csproj", "{FDE2C930-5D77-43A7-972D-0996FE865F23}"
EndProject
Global
	GlobalSection(SolutionConfigurationPlatforms) = preSolution
		Debug|Any CPU = Debug|Any CPU
		Release|Any CPU = Release|Any CPU
	EndGlobalSection
	GlobalSection(ProjectConfigurationPlatforms) = postSolution
		{FDE2C930-5D77-43A7-972D-0996FE865F23}.Debug|Any CPU.ActiveCfg = Debug|Any CPU
		{FDE2C930-5D77-43A7-972D-0996FE865F23}.Debug|Any CPU.Build.0 = Debug|Any CPU
		{FDE2C930-5D77-43A7-972D-0996FE865F23}.Release|Any CPU.ActiveCfg = Release|Any CPU
		{FDE2C930-5D77-43A7-972D-0996FE865F23}.Release|Any CPU.Build.0 = Release|Any CPU
	EndGlobalSection
	GlobalSection(SolutionProperties) = preSolution
		HideSolutionNode = FALSE
	EndGlobalSection
	GlobalSection(ExtensibilityGlobals) = postSolution
		SolutionGuid = {341B85ED-0B4B-4078-A8D0-DCAE2C9DA37A}
	EndGlobalSection
EndGlobal
