
Microsoft Visual Studio Solution File, Format Version 12.00
# Visual Studio Version 17
VisualStudioVersion = 17.2.32526.322
MinimumVisualStudioVersion = 10.0.40219.1
Project("{FAE04EC0-301F-11D3-BF4B-00C04F79EFBC}") = "TwoSumII", "TwoSumII\TwoSumII.csproj", "{D899044E-C82C-4AA1-8597-6F6047A46BE4}"
EndProject
Global
	GlobalSection(SolutionConfigurationPlatforms) = preSolution
		Debug|Any CPU = Debug|Any CPU
		Release|Any CPU = Release|Any CPU
	EndGlobalSection
	GlobalSection(ProjectConfigurationPlatforms) = postSolution
		{D899044E-C82C-4AA1-8597-6F6047A46BE4}.Debug|Any CPU.ActiveCfg = Debug|Any CPU
		{D899044E-C82C-4AA1-8597-6F6047A46BE4}.Debug|Any CPU.Build.0 = Debug|Any CPU
		{D899044E-C82C-4AA1-8597-6F6047A46BE4}.Release|Any CPU.ActiveCfg = Release|Any CPU
		{D899044E-C82C-4AA1-8597-6F6047A46BE4}.Release|Any CPU.Build.0 = Release|Any CPU
	EndGlobalSection
	GlobalSection(SolutionProperties) = preSolution
		HideSolutionNode = FALSE
	EndGlobalSection
	GlobalSection(ExtensibilityGlobals) = postSolution
		SolutionGuid = {988CD5D7-896F-42BD-A5DB-F9098278EC2D}
	EndGlobalSection
EndGlobal
