
Microsoft Visual Studio Solution File, Format Version 12.00
# Visual Studio Version 17
VisualStudioVersion = 17.2.32602.215
MinimumVisualStudioVersion = 10.0.40219.1
Project("{FAE04EC0-301F-11D3-BF4B-00C04F79EFBC}") = "Pow", "Pow\Pow.csproj", "{18EE9EE1-36BB-4BA3-AC74-8DD5A00AF200}"
EndProject
Global
	GlobalSection(SolutionConfigurationPlatforms) = preSolution
		Debug|Any CPU = Debug|Any CPU
		Release|Any CPU = Release|Any CPU
	EndGlobalSection
	GlobalSection(ProjectConfigurationPlatforms) = postSolution
		{18EE9EE1-36BB-4BA3-AC74-8DD5A00AF200}.Debug|Any CPU.ActiveCfg = Debug|Any CPU
		{18EE9EE1-36BB-4BA3-AC74-8DD5A00AF200}.Debug|Any CPU.Build.0 = Debug|Any CPU
		{18EE9EE1-36BB-4BA3-AC74-8DD5A00AF200}.Release|Any CPU.ActiveCfg = Release|Any CPU
		{18EE9EE1-36BB-4BA3-AC74-8DD5A00AF200}.Release|Any CPU.Build.0 = Release|Any CPU
	EndGlobalSection
	GlobalSection(SolutionProperties) = preSolution
		HideSolutionNode = FALSE
	EndGlobalSection
	GlobalSection(ExtensibilityGlobals) = postSolution
		SolutionGuid = {02B3E2C2-36D4-4F9C-A78B-6AED8C6C7278}
	EndGlobalSection
EndGlobal
