
Microsoft Visual Studio Solution File, Format Version 12.00
# Visual Studio Version 17
VisualStudioVersion = 17.2.32526.322
MinimumVisualStudioVersion = 10.0.40219.1
Project("{FAE04EC0-301F-11D3-BF4B-00C04F79EFBC}") = "GroupAnagrams", "GroupAnagrams\GroupAnagrams.csproj", "{AA0AEF3C-303D-450B-B4C3-DB8DC14CE320}"
EndProject
Global
	GlobalSection(SolutionConfigurationPlatforms) = preSolution
		Debug|Any CPU = Debug|Any CPU
		Release|Any CPU = Release|Any CPU
	EndGlobalSection
	GlobalSection(ProjectConfigurationPlatforms) = postSolution
		{AA0AEF3C-303D-450B-B4C3-DB8DC14CE320}.Debug|Any CPU.ActiveCfg = Debug|Any CPU
		{AA0AEF3C-303D-450B-B4C3-DB8DC14CE320}.Debug|Any CPU.Build.0 = Debug|Any CPU
		{AA0AEF3C-303D-450B-B4C3-DB8DC14CE320}.Release|Any CPU.ActiveCfg = Release|Any CPU
		{AA0AEF3C-303D-450B-B4C3-DB8DC14CE320}.Release|Any CPU.Build.0 = Release|Any CPU
	EndGlobalSection
	GlobalSection(SolutionProperties) = preSolution
		HideSolutionNode = FALSE
	EndGlobalSection
	GlobalSection(ExtensibilityGlobals) = postSolution
		SolutionGuid = {88498DA6-E15C-4F1D-80E8-47516F6D8FC5}
	EndGlobalSection
EndGlobal
