
Microsoft Visual Studio Solution File, Format Version 12.00
# Visual Studio Version 17
VisualStudioVersion = 17.2.32602.215
MinimumVisualStudioVersion = 10.0.40219.1
Project("{FAE04EC0-301F-11D3-BF4B-00C04F79EFBC}") = "CombinationSumII", "CombinationSumII\CombinationSumII.csproj", "{0EAE0D83-20BB-4827-AC47-BEBB6A8138D6}"
EndProject
Global
	GlobalSection(SolutionConfigurationPlatforms) = preSolution
		Debug|Any CPU = Debug|Any CPU
		Release|Any CPU = Release|Any CPU
	EndGlobalSection
	GlobalSection(ProjectConfigurationPlatforms) = postSolution
		{0EAE0D83-20BB-4827-AC47-BEBB6A8138D6}.Debug|Any CPU.ActiveCfg = Debug|Any CPU
		{0EAE0D83-20BB-4827-AC47-BEBB6A8138D6}.Debug|Any CPU.Build.0 = Debug|Any CPU
		{0EAE0D83-20BB-4827-AC47-BEBB6A8138D6}.Release|Any CPU.ActiveCfg = Release|Any CPU
		{0EAE0D83-20BB-4827-AC47-BEBB6A8138D6}.Release|Any CPU.Build.0 = Release|Any CPU
	EndGlobalSection
	GlobalSection(SolutionProperties) = preSolution
		HideSolutionNode = FALSE
	EndGlobalSection
	GlobalSection(ExtensibilityGlobals) = postSolution
		SolutionGuid = {9BBDC1E3-F240-47F9-894D-6CD30C986B54}
	EndGlobalSection
EndGlobal
